
Microsoft Visual Studio Solution File, Format Version 12.00
# Visual Studio Version 17
VisualStudioVersion = 17.4.33122.133
MinimumVisualStudioVersion = 10.0.40219.1
Project("{6EC3EE1D-3C4E-46DD-8F32-0CC8E7565705}") = "altcode.test.nunit", "altcode.test.nunit\altcode.test.nunit.fsproj", "{0B44DFEC-43EF-44E9-8562-7E4BDEB96C7C}"
EndProject
Project("{6EC3EE1D-3C4E-46DD-8F32-0CC8E7565705}") = "altcode.test.xunit", "altcode.test.xunit\altcode.test.xunit.fsproj", "{A0147E8D-C037-4777-A6BF-DD01EF13E3AB}"
EndProject
Project("{6EC3EE1D-3C4E-46DD-8F32-0CC8E7565705}") = "altcode.test.expecto", "altcode.test.expecto\altcode.test.expecto.fsproj", "{5AA873A5-E32C-478D-BED2-E828BF3AD32C}"
EndProject
Project("{9A19103F-16F7-4668-BE54-9A1E7A4F7556}") = "NuGet", "..\Build\NuGet.csproj", "{C9383C03-09A6-4E56-AA0A-A337CA03BC93}"
EndProject
Project("{2150E333-8FDC-42A3-9474-1A3956D46DE8}") = "BuildItems", "BuildItems", "{39F92592-15BD-4633-ACED-F4A96ED9FE11}"
	ProjectSection(SolutionItems) = preProject
		..\Build\actions.fs = ..\Build\actions.fs
		..\Build\build.fs = ..\Build\build.fs
		..\.config\dotnet-tools.json = ..\.config\dotnet-tools.json
		..\fsharplint.json = ..\fsharplint.json
		..\global.json = ..\global.json
		..\.github\workflows\main.yml = ..\.github\workflows\main.yml
		..\README.md = ..\README.md
		..\ReleaseNotes.md = ..\ReleaseNotes.md
		..\Build\rules-fake.xml = ..\Build\rules-fake.xml
		..\Build\setup.fs = ..\Build\setup.fs
		..\Build\targets.fs = ..\Build\targets.fs
	EndProjectSection
EndProject
Global
	GlobalSection(SolutionConfigurationPlatforms) = preSolution
		Debug|Any CPU = Debug|Any CPU
		Release|Any CPU = Release|Any CPU
	EndGlobalSection
	GlobalSection(ProjectConfigurationPlatforms) = postSolution
		{0B44DFEC-43EF-44E9-8562-7E4BDEB96C7C}.Debug|Any CPU.ActiveCfg = Debug|Any CPU
		{0B44DFEC-43EF-44E9-8562-7E4BDEB96C7C}.Debug|Any CPU.Build.0 = Debug|Any CPU
		{0B44DFEC-43EF-44E9-8562-7E4BDEB96C7C}.Release|Any CPU.ActiveCfg = Release|Any CPU
		{0B44DFEC-43EF-44E9-8562-7E4BDEB96C7C}.Release|Any CPU.Build.0 = Release|Any CPU
		{A0147E8D-C037-4777-A6BF-DD01EF13E3AB}.Debug|Any CPU.ActiveCfg = Debug|Any CPU
		{A0147E8D-C037-4777-A6BF-DD01EF13E3AB}.Debug|Any CPU.Build.0 = Debug|Any CPU
		{A0147E8D-C037-4777-A6BF-DD01EF13E3AB}.Release|Any CPU.ActiveCfg = Release|Any CPU
		{A0147E8D-C037-4777-A6BF-DD01EF13E3AB}.Release|Any CPU.Build.0 = Release|Any CPU
		{5AA873A5-E32C-478D-BED2-E828BF3AD32C}.Debug|Any CPU.ActiveCfg = Debug|Any CPU
		{5AA873A5-E32C-478D-BED2-E828BF3AD32C}.Debug|Any CPU.Build.0 = Debug|Any CPU
		{5AA873A5-E32C-478D-BED2-E828BF3AD32C}.Release|Any CPU.ActiveCfg = Release|Any CPU
		{5AA873A5-E32C-478D-BED2-E828BF3AD32C}.Release|Any CPU.Build.0 = Release|Any CPU
		{C9383C03-09A6-4E56-AA0A-A337CA03BC93}.Debug|Any CPU.ActiveCfg = Debug|Any CPU
		{C9383C03-09A6-4E56-AA0A-A337CA03BC93}.Release|Any CPU.ActiveCfg = Release|Any CPU
	EndGlobalSection
	GlobalSection(SolutionProperties) = preSolution
		HideSolutionNode = FALSE
	EndGlobalSection
	GlobalSection(NestedProjects) = preSolution
		{C9383C03-09A6-4E56-AA0A-A337CA03BC93} = {39F92592-15BD-4633-ACED-F4A96ED9FE11}
	EndGlobalSection
	GlobalSection(ExtensibilityGlobals) = postSolution
		SolutionGuid = {21ECFD4D-3B72-43C8-AB63-768D2DF148E5}
	EndGlobalSection
EndGlobal
