<Solution>
  <Folder Name="/BuildItems/">
    <File Path="../.config/dotnet-tools.json" />
    <File Path="../.github/workflows/main.yml" />
    <File Path="../Build/actions.fs" />
    <File Path="../Build/build.fs" />
    <File Path="../Build/rules-fake.xml" />
    <File Path="../Build/setup.fs" />
    <File Path="../Build/targets.fs" />
    <File Path="../Directory.Packages.props" />
    <File Path="../fsharplint.json" />
    <File Path="../fullbuild.ps1" />
    <File Path="../global.json" />
    <File Path="../README.md" />
    <File Path="../ReleaseNotes.md" />
    <Project Path="../Build/NuGet.csproj">
      <Build Project="false" />
    </Project>
  </Folder>
  <Project Path="altcode.test.expecto/altcode.test.expecto.fsproj" />
  <Project Path="altcode.test.nunit/altcode.test.nunit.fsproj" />
  <Project Path="altcode.test.xunit/altcode.test.xunit.fsproj" />
  <Project Path="validation/validation.fsproj" />
</Solution>
